
Microsoft Visual Studio Solution File, Format Version 12.00
# Visual Studio Version 17
VisualStudioVersion = 17.7.34024.191
MinimumVisualStudioVersion = 10.0.40219.1
Project("{FAE04EC0-301F-11D3-BF4B-00C04F79EFBC}") = "Simbir.Go", "Simbir.Go\Simbir.Go.csproj", "{861AB0B7-4746-455D-BE55-02699DB90F19}"
EndProject
Project("{FAE04EC0-301F-11D3-BF4B-00C04F79EFBC}") = "Simbir.Go.DAL", "Simbir.Go.DAL\Simbir.Go.DAL.csproj", "{3EFB0A0D-E23D-45CB-9B5F-E7BEE54EE842}"
EndProject
Project("{FAE04EC0-301F-11D3-BF4B-00C04F79EFBC}") = "Simbir.Go.BLL", "Simbir.Go.BLL\Simbir.Go.BLL.csproj", "{B372D2C4-A8A4-4FB2-8EF7-C9CCA8945334}"
EndProject
Global
	GlobalSection(SolutionConfigurationPlatforms) = preSolution
		Debug|Any CPU = Debug|Any CPU
		Release|Any CPU = Release|Any CPU
	EndGlobalSection
	GlobalSection(ProjectConfigurationPlatforms) = postSolution
		{861AB0B7-4746-455D-BE55-02699DB90F19}.Debug|Any CPU.ActiveCfg = Debug|Any CPU
		{861AB0B7-4746-455D-BE55-02699DB90F19}.Debug|Any CPU.Build.0 = Debug|Any CPU
		{861AB0B7-4746-455D-BE55-02699DB90F19}.Release|Any CPU.ActiveCfg = Release|Any CPU
		{861AB0B7-4746-455D-BE55-02699DB90F19}.Release|Any CPU.Build.0 = Release|Any CPU
		{3EFB0A0D-E23D-45CB-9B5F-E7BEE54EE842}.Debug|Any CPU.ActiveCfg = Debug|Any CPU
		{3EFB0A0D-E23D-45CB-9B5F-E7BEE54EE842}.Debug|Any CPU.Build.0 = Debug|Any CPU
		{3EFB0A0D-E23D-45CB-9B5F-E7BEE54EE842}.Release|Any CPU.ActiveCfg = Release|Any CPU
		{3EFB0A0D-E23D-45CB-9B5F-E7BEE54EE842}.Release|Any CPU.Build.0 = Release|Any CPU
		{B372D2C4-A8A4-4FB2-8EF7-C9CCA8945334}.Debug|Any CPU.ActiveCfg = Debug|Any CPU
		{B372D2C4-A8A4-4FB2-8EF7-C9CCA8945334}.Debug|Any CPU.Build.0 = Debug|Any CPU
		{B372D2C4-A8A4-4FB2-8EF7-C9CCA8945334}.Release|Any CPU.ActiveCfg = Release|Any CPU
		{B372D2C4-A8A4-4FB2-8EF7-C9CCA8945334}.Release|Any CPU.Build.0 = Release|Any CPU
	EndGlobalSection
	GlobalSection(SolutionProperties) = preSolution
		HideSolutionNode = FALSE
	EndGlobalSection
	GlobalSection(ExtensibilityGlobals) = postSolution
		SolutionGuid = {E7E2740B-F079-4F79-BCE1-71B5A9AADEB5}
	EndGlobalSection
EndGlobal
